
Microsoft Visual Studio Solution File, Format Version 12.00
# Visual Studio Version 16
VisualStudioVersion = 16.0.30002.166
MinimumVisualStudioVersion = 10.0.40219.1
Project("{9A19103F-16F7-4668-BE54-9A1E7A4F7556}") = "Calculations", "Calculations\Calculations.csproj", "{E2223766-1886-4A43-8B73-D838767B46E7}"
EndProject
Project("{9A19103F-16F7-4668-BE54-9A1E7A4F7556}") = "Calculations.UnitTests", "Calculations.Tests\Calculations.UnitTests.csproj", "{F30E6772-B352-4821-A66F-EAA1AB2880CD}"
EndProject
Project("{2150E333-8FDC-42A3-9474-1A3956D46DE8}") = "Solution Items", "Solution Items", "{BDB2AAC0-CAD1-4E80-9EE2-A0E37EADF205}"
	ProjectSection(SolutionItems) = preProject
		Directory.Build.props = Directory.Build.props
	EndProjectSection
EndProject
Global
	GlobalSection(SolutionConfigurationPlatforms) = preSolution
		Debug|Any CPU = Debug|Any CPU
		Release|Any CPU = Release|Any CPU
	EndGlobalSection
	GlobalSection(ProjectConfigurationPlatforms) = postSolution
		{E2223766-1886-4A43-8B73-D838767B46E7}.Debug|Any CPU.ActiveCfg = Debug|Any CPU
		{E2223766-1886-4A43-8B73-D838767B46E7}.Debug|Any CPU.Build.0 = Debug|Any CPU
		{E2223766-1886-4A43-8B73-D838767B46E7}.Release|Any CPU.ActiveCfg = Release|Any CPU
		{E2223766-1886-4A43-8B73-D838767B46E7}.Release|Any CPU.Build.0 = Release|Any CPU
		{F30E6772-B352-4821-A66F-EAA1AB2880CD}.Debug|Any CPU.ActiveCfg = Debug|Any CPU
		{F30E6772-B352-4821-A66F-EAA1AB2880CD}.Debug|Any CPU.Build.0 = Debug|Any CPU
		{F30E6772-B352-4821-A66F-EAA1AB2880CD}.Release|Any CPU.ActiveCfg = Release|Any CPU
		{F30E6772-B352-4821-A66F-EAA1AB2880CD}.Release|Any CPU.Build.0 = Release|Any CPU
	EndGlobalSection
	GlobalSection(SolutionProperties) = preSolution
		HideSolutionNode = FALSE
	EndGlobalSection
	GlobalSection(ExtensibilityGlobals) = postSolution
		SolutionGuid = {09747A19-EE17-47AF-8934-DDC8A40C30F6}
	EndGlobalSection
EndGlobal
