
Microsoft Visual Studio Solution File, Format Version 12.00
# Visual Studio Version 16
VisualStudioVersion = 16.0.29926.136
MinimumVisualStudioVersion = 10.0.40219.1
Project("{2150E333-8FDC-42A3-9474-1A3956D46DE8}") = "Domain", "Domain", "{767F007D-711F-4445-A294-4B03B4809847}"
EndProject
Project("{2150E333-8FDC-42A3-9474-1A3956D46DE8}") = "Tests", "Tests", "{231CC554-2142-4797-9F74-6CF9F1006416}"
EndProject
Project("{2150E333-8FDC-42A3-9474-1A3956D46DE8}") = "Infra", "Infra", "{FA992026-52FE-4B10-9A33-37E08F29C492}"
EndProject
Project("{2150E333-8FDC-42A3-9474-1A3956D46DE8}") = "Application", "Application", "{FF71F770-BB82-4301-9F10-D22199A57788}"
EndProject
Project("{2150E333-8FDC-42A3-9474-1A3956D46DE8}") = "API", "API", "{B70441DE-361B-4AF7-98D8-957DED5BE72E}"
EndProject
Project("{2150E333-8FDC-42A3-9474-1A3956D46DE8}") = "Presentation", "Presentation", "{BB394446-E66D-4F0B-BD34-9E544257F65A}"
EndProject
Project("{FAE04EC0-301F-11D3-BF4B-00C04F79EFBC}") = "EntityFramework.Domain", "EntityFramework.Domain\EntityFramework.Domain.csproj", "{BF4A90EE-FFF7-4492-AEB3-953491C1215B}"
EndProject
Project("{FAE04EC0-301F-11D3-BF4B-00C04F79EFBC}") = "EntityFramework.Tests", "EntityFramework.Tests\EntityFramework.Tests.csproj", "{2B86F5A4-0613-4BEF-990C-7690B3FF534A}"
EndProject
Project("{2150E333-8FDC-42A3-9474-1A3956D46DE8}") = "CrossCutting", "CrossCutting", "{D516021A-3A45-4260-A83F-FA56ED133F28}"
EndProject
Project("{2150E333-8FDC-42A3-9474-1A3956D46DE8}") = "Data", "Data", "{F838D881-7CAE-4E3B-8E7A-68212173B287}"
EndProject
Project("{FAE04EC0-301F-11D3-BF4B-00C04F79EFBC}") = "EntityFramework.Infra.Data", "EntityFramework.Infra.Data\EntityFramework.Infra.Data.csproj", "{6393484B-31BC-43D9-B61A-DA72D0B38D24}"
EndProject
Project("{FAE04EC0-301F-11D3-BF4B-00C04F79EFBC}") = "EntityFramework.Application", "EntityFramework.Application\EntityFramework.Application.csproj", "{628545A7-2866-45F5-95CC-9DFB6B6B3AF7}"
EndProject
Project("{FAE04EC0-301F-11D3-BF4B-00C04F79EFBC}") = "EntityFramework.API", "EntityFramework.API\EntityFramework.API.csproj", "{B819BB87-4FC3-434A-809E-DB543FC329A7}"
EndProject
Global
	GlobalSection(SolutionConfigurationPlatforms) = preSolution
		Debug|Any CPU = Debug|Any CPU
		Release|Any CPU = Release|Any CPU
	EndGlobalSection
	GlobalSection(ProjectConfigurationPlatforms) = postSolution
		{BF4A90EE-FFF7-4492-AEB3-953491C1215B}.Debug|Any CPU.ActiveCfg = Debug|Any CPU
		{BF4A90EE-FFF7-4492-AEB3-953491C1215B}.Debug|Any CPU.Build.0 = Debug|Any CPU
		{BF4A90EE-FFF7-4492-AEB3-953491C1215B}.Release|Any CPU.ActiveCfg = Release|Any CPU
		{BF4A90EE-FFF7-4492-AEB3-953491C1215B}.Release|Any CPU.Build.0 = Release|Any CPU
		{2B86F5A4-0613-4BEF-990C-7690B3FF534A}.Debug|Any CPU.ActiveCfg = Debug|Any CPU
		{2B86F5A4-0613-4BEF-990C-7690B3FF534A}.Debug|Any CPU.Build.0 = Debug|Any CPU
		{2B86F5A4-0613-4BEF-990C-7690B3FF534A}.Release|Any CPU.ActiveCfg = Release|Any CPU
		{2B86F5A4-0613-4BEF-990C-7690B3FF534A}.Release|Any CPU.Build.0 = Release|Any CPU
		{6393484B-31BC-43D9-B61A-DA72D0B38D24}.Debug|Any CPU.ActiveCfg = Debug|Any CPU
		{6393484B-31BC-43D9-B61A-DA72D0B38D24}.Debug|Any CPU.Build.0 = Debug|Any CPU
		{6393484B-31BC-43D9-B61A-DA72D0B38D24}.Release|Any CPU.ActiveCfg = Release|Any CPU
		{6393484B-31BC-43D9-B61A-DA72D0B38D24}.Release|Any CPU.Build.0 = Release|Any CPU
		{628545A7-2866-45F5-95CC-9DFB6B6B3AF7}.Debug|Any CPU.ActiveCfg = Debug|Any CPU
		{628545A7-2866-45F5-95CC-9DFB6B6B3AF7}.Debug|Any CPU.Build.0 = Debug|Any CPU
		{628545A7-2866-45F5-95CC-9DFB6B6B3AF7}.Release|Any CPU.ActiveCfg = Release|Any CPU
		{628545A7-2866-45F5-95CC-9DFB6B6B3AF7}.Release|Any CPU.Build.0 = Release|Any CPU
		{B819BB87-4FC3-434A-809E-DB543FC329A7}.Debug|Any CPU.ActiveCfg = Debug|Any CPU
		{B819BB87-4FC3-434A-809E-DB543FC329A7}.Debug|Any CPU.Build.0 = Debug|Any CPU
		{B819BB87-4FC3-434A-809E-DB543FC329A7}.Release|Any CPU.ActiveCfg = Release|Any CPU
		{B819BB87-4FC3-434A-809E-DB543FC329A7}.Release|Any CPU.Build.0 = Release|Any CPU
	EndGlobalSection
	GlobalSection(SolutionProperties) = preSolution
		HideSolutionNode = FALSE
	EndGlobalSection
	GlobalSection(NestedProjects) = preSolution
		{BF4A90EE-FFF7-4492-AEB3-953491C1215B} = {767F007D-711F-4445-A294-4B03B4809847}
		{2B86F5A4-0613-4BEF-990C-7690B3FF534A} = {231CC554-2142-4797-9F74-6CF9F1006416}
		{D516021A-3A45-4260-A83F-FA56ED133F28} = {FA992026-52FE-4B10-9A33-37E08F29C492}
		{F838D881-7CAE-4E3B-8E7A-68212173B287} = {FA992026-52FE-4B10-9A33-37E08F29C492}
		{6393484B-31BC-43D9-B61A-DA72D0B38D24} = {F838D881-7CAE-4E3B-8E7A-68212173B287}
		{628545A7-2866-45F5-95CC-9DFB6B6B3AF7} = {FF71F770-BB82-4301-9F10-D22199A57788}
		{B819BB87-4FC3-434A-809E-DB543FC329A7} = {B70441DE-361B-4AF7-98D8-957DED5BE72E}
	EndGlobalSection
	GlobalSection(ExtensibilityGlobals) = postSolution
		SolutionGuid = {422E8496-D42A-4A4F-A9A5-151D548BB3C6}
	EndGlobalSection
EndGlobal
